
Microsoft Visual Studio Solution File, Format Version 12.00
# Visual Studio Version 17
VisualStudioVersion = 17.7.34009.444
MinimumVisualStudioVersion = 10.0.40219.1
Project("{8BC9CEB8-8B4A-11D0-8D11-00A0C91BC942}") = "ConsoleApplication2", "ConsoleApplication2.vcxproj", "{2498797B-3A9A-46CA-B30E-681E4A99B14F}"
EndProject
Global
	GlobalSection(SolutionConfigurationPlatforms) = preSolution
		Debug|x64 = Debug|x64
		Debug|x86 = Debug|x86
		Release|x64 = Release|x64
		Release|x86 = Release|x86
	EndGlobalSection
	GlobalSection(ProjectConfigurationPlatforms) = postSolution
		{2498797B-3A9A-46CA-B30E-681E4A99B14F}.Debug|x64.ActiveCfg = Debug|x64
		{2498797B-3A9A-46CA-B30E-681E4A99B14F}.Debug|x64.Build.0 = Debug|x64
		{2498797B-3A9A-46CA-B30E-681E4A99B14F}.Debug|x86.ActiveCfg = Debug|Win32
		{2498797B-3A9A-46CA-B30E-681E4A99B14F}.Debug|x86.Build.0 = Debug|Win32
		{2498797B-3A9A-46CA-B30E-681E4A99B14F}.Release|x64.ActiveCfg = Release|x64
		{2498797B-3A9A-46CA-B30E-681E4A99B14F}.Release|x64.Build.0 = Release|x64
		{2498797B-3A9A-46CA-B30E-681E4A99B14F}.Release|x86.ActiveCfg = Release|Win32
		{2498797B-3A9A-46CA-B30E-681E4A99B14F}.Release|x86.Build.0 = Release|Win32
	EndGlobalSection
	GlobalSection(SolutionProperties) = preSolution
		HideSolutionNode = FALSE
	EndGlobalSection
	GlobalSection(ExtensibilityGlobals) = postSolution
		SolutionGuid = {74804B62-AFC2-4521-B0C1-47F3535199C7}
	EndGlobalSection
EndGlobal
