
Microsoft Visual Studio Solution File, Format Version 12.00
# Visual Studio Version 17
VisualStudioVersion = 17.7.34009.444
MinimumVisualStudioVersion = 10.0.40219.1
Project("{8BC9CEB8-8B4A-11D0-8D11-00A0C91BC942}") = "iterator", "iterator.vcxproj", "{174095C0-9389-413E-9AE2-576D7C426307}"
EndProject
Global
	GlobalSection(SolutionConfigurationPlatforms) = preSolution
		Debug|x64 = Debug|x64
		Debug|x86 = Debug|x86
		Release|x64 = Release|x64
		Release|x86 = Release|x86
	EndGlobalSection
	GlobalSection(ProjectConfigurationPlatforms) = postSolution
		{174095C0-9389-413E-9AE2-576D7C426307}.Debug|x64.ActiveCfg = Debug|x64
		{174095C0-9389-413E-9AE2-576D7C426307}.Debug|x64.Build.0 = Debug|x64
		{174095C0-9389-413E-9AE2-576D7C426307}.Debug|x86.ActiveCfg = Debug|Win32
		{174095C0-9389-413E-9AE2-576D7C426307}.Debug|x86.Build.0 = Debug|Win32
		{174095C0-9389-413E-9AE2-576D7C426307}.Release|x64.ActiveCfg = Release|x64
		{174095C0-9389-413E-9AE2-576D7C426307}.Release|x64.Build.0 = Release|x64
		{174095C0-9389-413E-9AE2-576D7C426307}.Release|x86.ActiveCfg = Release|Win32
		{174095C0-9389-413E-9AE2-576D7C426307}.Release|x86.Build.0 = Release|Win32
	EndGlobalSection
	GlobalSection(SolutionProperties) = preSolution
		HideSolutionNode = FALSE
	EndGlobalSection
	GlobalSection(ExtensibilityGlobals) = postSolution
		SolutionGuid = {521D96E0-02E1-4A6A-B73B-F1B2E567D053}
	EndGlobalSection
EndGlobal
